
Microsoft Visual Studio Solution File, Format Version 12.00
# Visual Studio 15
VisualStudioVersion = 15.0.26730.12
MinimumVisualStudioVersion = 10.0.40219.1
Project("{FAE04EC0-301F-11D3-BF4B-00C04F79EFBC}") = "Busca", "Busca\Busca.csproj", "{DAA4C2B7-9C9D-491D-97CB-B223BCC106A2}"
EndProject
Project("{FAE04EC0-301F-11D3-BF4B-00C04F79EFBC}") = "Teste", "Teste\Teste.csproj", "{27DD7C05-1FBB-4B57-9E5B-2C47338B1608}"
EndProject
Global
	GlobalSection(SolutionConfigurationPlatforms) = preSolution
		Debug|Any CPU = Debug|Any CPU
		Release|Any CPU = Release|Any CPU
	EndGlobalSection
	GlobalSection(ProjectConfigurationPlatforms) = postSolution
		{DAA4C2B7-9C9D-491D-97CB-B223BCC106A2}.Debug|Any CPU.ActiveCfg = Debug|Any CPU
		{DAA4C2B7-9C9D-491D-97CB-B223BCC106A2}.Debug|Any CPU.Build.0 = Debug|Any CPU
		{DAA4C2B7-9C9D-491D-97CB-B223BCC106A2}.Release|Any CPU.ActiveCfg = Release|Any CPU
		{DAA4C2B7-9C9D-491D-97CB-B223BCC106A2}.Release|Any CPU.Build.0 = Release|Any CPU
		{27DD7C05-1FBB-4B57-9E5B-2C47338B1608}.Debug|Any CPU.ActiveCfg = Debug|Any CPU
		{27DD7C05-1FBB-4B57-9E5B-2C47338B1608}.Debug|Any CPU.Build.0 = Debug|Any CPU
		{27DD7C05-1FBB-4B57-9E5B-2C47338B1608}.Release|Any CPU.ActiveCfg = Release|Any CPU
		{27DD7C05-1FBB-4B57-9E5B-2C47338B1608}.Release|Any CPU.Build.0 = Release|Any CPU
	EndGlobalSection
	GlobalSection(SolutionProperties) = preSolution
		HideSolutionNode = FALSE
	EndGlobalSection
	GlobalSection(ExtensibilityGlobals) = postSolution
		SolutionGuid = {156132A9-3FD7-4233-9E1E-06D8F5179499}
	EndGlobalSection
EndGlobal
